
Microsoft Visual Studio Solution File, Format Version 12.00
# Visual Studio Version 17
VisualStudioVersion = 17.9.34728.123
MinimumVisualStudioVersion = 10.0.40219.1
Project("{FAE04EC0-301F-11D3-BF4B-00C04F79EFBC}") = "AcademyWeb", "AcademyWeb\AcademyWeb.csproj", "{49CC7434-A4E4-447F-9E49-84F6C86C59C7}"
EndProject
Project("{FAE04EC0-301F-11D3-BF4B-00C04F79EFBC}") = "Academy.Domain", "Academy.Domain\Academy.Domain.csproj", "{D415BB02-A19C-4631-ADFC-8E42C8CC645A}"
EndProject
Project("{FAE04EC0-301F-11D3-BF4B-00C04F79EFBC}") = "Academy.Infrastructure", "Academy.Infrastructure\Academy.Infrastructure.csproj", "{BF0040F9-0C37-43AE-B769-917695707305}"
EndProject
Global
	GlobalSection(SolutionConfigurationPlatforms) = preSolution
		Debug|Any CPU = Debug|Any CPU
		Release|Any CPU = Release|Any CPU
	EndGlobalSection
	GlobalSection(ProjectConfigurationPlatforms) = postSolution
		{49CC7434-A4E4-447F-9E49-84F6C86C59C7}.Debug|Any CPU.ActiveCfg = Debug|Any CPU
		{49CC7434-A4E4-447F-9E49-84F6C86C59C7}.Debug|Any CPU.Build.0 = Debug|Any CPU
		{49CC7434-A4E4-447F-9E49-84F6C86C59C7}.Release|Any CPU.ActiveCfg = Release|Any CPU
		{49CC7434-A4E4-447F-9E49-84F6C86C59C7}.Release|Any CPU.Build.0 = Release|Any CPU
		{D415BB02-A19C-4631-ADFC-8E42C8CC645A}.Debug|Any CPU.ActiveCfg = Debug|Any CPU
		{D415BB02-A19C-4631-ADFC-8E42C8CC645A}.Debug|Any CPU.Build.0 = Debug|Any CPU
		{D415BB02-A19C-4631-ADFC-8E42C8CC645A}.Release|Any CPU.ActiveCfg = Release|Any CPU
		{D415BB02-A19C-4631-ADFC-8E42C8CC645A}.Release|Any CPU.Build.0 = Release|Any CPU
		{BF0040F9-0C37-43AE-B769-917695707305}.Debug|Any CPU.ActiveCfg = Debug|Any CPU
		{BF0040F9-0C37-43AE-B769-917695707305}.Debug|Any CPU.Build.0 = Debug|Any CPU
		{BF0040F9-0C37-43AE-B769-917695707305}.Release|Any CPU.ActiveCfg = Release|Any CPU
		{BF0040F9-0C37-43AE-B769-917695707305}.Release|Any CPU.Build.0 = Release|Any CPU
	EndGlobalSection
	GlobalSection(SolutionProperties) = preSolution
		HideSolutionNode = FALSE
	EndGlobalSection
	GlobalSection(ExtensibilityGlobals) = postSolution
		SolutionGuid = {B2682D39-A5B3-40CB-A037-9B581BE07538}
	EndGlobalSection
EndGlobal
